
Microsoft Visual Studio Solution File, Format Version 12.00
# Visual Studio Version 16
VisualStudioVersion = 16.0.30517.126
MinimumVisualStudioVersion = 10.0.40219.1
Project("{FAE04EC0-301F-11D3-BF4B-00C04F79EFBC}") = "PregnancySafe", "PregnancySafe\PregnancySafe.csproj", "{BB729275-2D88-4EF8-80F2-5A84F728C598}"
EndProject
Global
	GlobalSection(SolutionConfigurationPlatforms) = preSolution
		Debug|Any CPU = Debug|Any CPU
		Release|Any CPU = Release|Any CPU
	EndGlobalSection
	GlobalSection(ProjectConfigurationPlatforms) = postSolution
		{BB729275-2D88-4EF8-80F2-5A84F728C598}.Debug|Any CPU.ActiveCfg = Debug|Any CPU
		{BB729275-2D88-4EF8-80F2-5A84F728C598}.Debug|Any CPU.Build.0 = Debug|Any CPU
		{BB729275-2D88-4EF8-80F2-5A84F728C598}.Release|Any CPU.ActiveCfg = Release|Any CPU
		{BB729275-2D88-4EF8-80F2-5A84F728C598}.Release|Any CPU.Build.0 = Release|Any CPU
	EndGlobalSection
	GlobalSection(SolutionProperties) = preSolution
		HideSolutionNode = FALSE
	EndGlobalSection
	GlobalSection(ExtensibilityGlobals) = postSolution
		SolutionGuid = {4FBD3304-B1F4-458E-A11A-81891250F983}
	EndGlobalSection
EndGlobal
